
Microsoft Visual Studio Solution File, Format Version 12.00
# Visual Studio 14
VisualStudioVersion = 14.0.25123.0
MinimumVisualStudioVersion = 10.0.40219.1
Project("{FAE04EC0-301F-11D3-BF4B-00C04F79EFBC}") = "Milaneze.ComparadorDeStrings", "Milaneze.ComparadorDeStrings\Milaneze.ComparadorDeStrings.csproj", "{6E4B320F-275F-4B0A-9EBD-5D0E8645B221}"
EndProject
Project("{FAE04EC0-301F-11D3-BF4B-00C04F79EFBC}") = "Milaneze.ComparadorDeStrings.Test", "Milaneze.ComparadorDeStrings.Test\Milaneze.ComparadorDeStrings.Test.csproj", "{B83BADDC-7136-4ACE-87F5-10DF7E3FB8B4}"
EndProject
Project("{FAE04EC0-301F-11D3-BF4B-00C04F79EFBC}") = "Milaneze.ComparadorDeStrings.Comum", "Milaneze.ComparadorDeStrings.Comum\Milaneze.ComparadorDeStrings.Comum.csproj", "{ED466270-8529-40DA-A2E2-2D2ABADB7292}"
EndProject
Global
	GlobalSection(SolutionConfigurationPlatforms) = preSolution
		Debug|Any CPU = Debug|Any CPU
		Release|Any CPU = Release|Any CPU
	EndGlobalSection
	GlobalSection(ProjectConfigurationPlatforms) = postSolution
		{6E4B320F-275F-4B0A-9EBD-5D0E8645B221}.Debug|Any CPU.ActiveCfg = Debug|Any CPU
		{6E4B320F-275F-4B0A-9EBD-5D0E8645B221}.Debug|Any CPU.Build.0 = Debug|Any CPU
		{6E4B320F-275F-4B0A-9EBD-5D0E8645B221}.Release|Any CPU.ActiveCfg = Release|Any CPU
		{6E4B320F-275F-4B0A-9EBD-5D0E8645B221}.Release|Any CPU.Build.0 = Release|Any CPU
		{B83BADDC-7136-4ACE-87F5-10DF7E3FB8B4}.Debug|Any CPU.ActiveCfg = Debug|Any CPU
		{B83BADDC-7136-4ACE-87F5-10DF7E3FB8B4}.Debug|Any CPU.Build.0 = Debug|Any CPU
		{B83BADDC-7136-4ACE-87F5-10DF7E3FB8B4}.Release|Any CPU.ActiveCfg = Release|Any CPU
		{B83BADDC-7136-4ACE-87F5-10DF7E3FB8B4}.Release|Any CPU.Build.0 = Release|Any CPU
		{ED466270-8529-40DA-A2E2-2D2ABADB7292}.Debug|Any CPU.ActiveCfg = Debug|Any CPU
		{ED466270-8529-40DA-A2E2-2D2ABADB7292}.Debug|Any CPU.Build.0 = Debug|Any CPU
		{ED466270-8529-40DA-A2E2-2D2ABADB7292}.Release|Any CPU.ActiveCfg = Release|Any CPU
		{ED466270-8529-40DA-A2E2-2D2ABADB7292}.Release|Any CPU.Build.0 = Release|Any CPU
	EndGlobalSection
	GlobalSection(SolutionProperties) = preSolution
		HideSolutionNode = FALSE
	EndGlobalSection
EndGlobal
